
Microsoft Visual Studio Solution File, Format Version 12.00
# Visual Studio Version 17
VisualStudioVersion = 17.9.34622.214
MinimumVisualStudioVersion = 10.0.40219.1
Project("{8BC9CEB8-8B4A-11D0-8D11-00A0C91BC942}") = "02_excercise1.c", "02_excercise1.c\02_excercise1.c.vcxproj", "{45CB1F76-7745-4FEA-835C-ACAE258E4E5B}"
EndProject
Global
	GlobalSection(SolutionConfigurationPlatforms) = preSolution
		Debug|x64 = Debug|x64
		Debug|x86 = Debug|x86
		Release|x64 = Release|x64
		Release|x86 = Release|x86
	EndGlobalSection
	GlobalSection(ProjectConfigurationPlatforms) = postSolution
		{45CB1F76-7745-4FEA-835C-ACAE258E4E5B}.Debug|x64.ActiveCfg = Debug|x64
		{45CB1F76-7745-4FEA-835C-ACAE258E4E5B}.Debug|x64.Build.0 = Debug|x64
		{45CB1F76-7745-4FEA-835C-ACAE258E4E5B}.Debug|x86.ActiveCfg = Debug|Win32
		{45CB1F76-7745-4FEA-835C-ACAE258E4E5B}.Debug|x86.Build.0 = Debug|Win32
		{45CB1F76-7745-4FEA-835C-ACAE258E4E5B}.Release|x64.ActiveCfg = Release|x64
		{45CB1F76-7745-4FEA-835C-ACAE258E4E5B}.Release|x64.Build.0 = Release|x64
		{45CB1F76-7745-4FEA-835C-ACAE258E4E5B}.Release|x86.ActiveCfg = Release|Win32
		{45CB1F76-7745-4FEA-835C-ACAE258E4E5B}.Release|x86.Build.0 = Release|Win32
	EndGlobalSection
	GlobalSection(SolutionProperties) = preSolution
		HideSolutionNode = FALSE
	EndGlobalSection
	GlobalSection(ExtensibilityGlobals) = postSolution
		SolutionGuid = {01922AE9-B90B-44B1-ABDB-7B8EC370BE45}
	EndGlobalSection
EndGlobal
